
Microsoft Visual Studio Solution File, Format Version 12.00
# Visual Studio Version 17
VisualStudioVersion = 17.11.35327.3
MinimumVisualStudioVersion = 10.0.40219.1
Project("{8BC9CEB8-8B4A-11D0-8D11-00A0C91BC942}") = "bindShell", "paloatoAVBypass\paloatoAVBypass.vcxproj", "{2BEDF388-7110-44DF-8A5B-478964818B15}"
EndProject
Project("{8BC9CEB8-8B4A-11D0-8D11-00A0C91BC942}") = "ReverseShell", "ReverseShell\ReverseShell.vcxproj", "{2398F4E0-7AF5-44EA-BEC5-C325014267C4}"
EndProject
Global
	GlobalSection(SolutionConfigurationPlatforms) = preSolution
		Debug|x64 = Debug|x64
		Debug|x86 = Debug|x86
		Release|x64 = Release|x64
		Release|x86 = Release|x86
	EndGlobalSection
	GlobalSection(ProjectConfigurationPlatforms) = postSolution
		{2BEDF388-7110-44DF-8A5B-478964818B15}.Debug|x64.ActiveCfg = Debug|x64
		{2BEDF388-7110-44DF-8A5B-478964818B15}.Debug|x64.Build.0 = Debug|x64
		{2BEDF388-7110-44DF-8A5B-478964818B15}.Debug|x86.ActiveCfg = Debug|Win32
		{2BEDF388-7110-44DF-8A5B-478964818B15}.Debug|x86.Build.0 = Debug|Win32
		{2BEDF388-7110-44DF-8A5B-478964818B15}.Release|x64.ActiveCfg = Release|x64
		{2BEDF388-7110-44DF-8A5B-478964818B15}.Release|x64.Build.0 = Release|x64
		{2BEDF388-7110-44DF-8A5B-478964818B15}.Release|x86.ActiveCfg = Release|Win32
		{2BEDF388-7110-44DF-8A5B-478964818B15}.Release|x86.Build.0 = Release|Win32
		{2398F4E0-7AF5-44EA-BEC5-C325014267C4}.Debug|x64.ActiveCfg = Debug|x64
		{2398F4E0-7AF5-44EA-BEC5-C325014267C4}.Debug|x64.Build.0 = Debug|x64
		{2398F4E0-7AF5-44EA-BEC5-C325014267C4}.Debug|x86.ActiveCfg = Debug|Win32
		{2398F4E0-7AF5-44EA-BEC5-C325014267C4}.Debug|x86.Build.0 = Debug|Win32
		{2398F4E0-7AF5-44EA-BEC5-C325014267C4}.Release|x64.ActiveCfg = Release|x64
		{2398F4E0-7AF5-44EA-BEC5-C325014267C4}.Release|x64.Build.0 = Release|x64
		{2398F4E0-7AF5-44EA-BEC5-C325014267C4}.Release|x86.ActiveCfg = Release|Win32
		{2398F4E0-7AF5-44EA-BEC5-C325014267C4}.Release|x86.Build.0 = Release|Win32
	EndGlobalSection
	GlobalSection(SolutionProperties) = preSolution
		HideSolutionNode = FALSE
	EndGlobalSection
	GlobalSection(ExtensibilityGlobals) = postSolution
		SolutionGuid = {74BEC009-63D1-41DB-8E8D-D4A32896CDAC}
	EndGlobalSection
EndGlobal
